
Microsoft Visual Studio Solution File, Format Version 12.00
# Visual Studio Version 17
VisualStudioVersion = 17.11.35303.130
MinimumVisualStudioVersion = 10.0.40219.1
Project("{9A19103F-16F7-4668-BE54-9A1E7A4F7556}") = "CatalogExample", "CatalogExample\CatalogExample.csproj", "{1F1D932B-829F-4111-BB04-9959E9F899FE}"
EndProject
Global
	GlobalSection(SolutionConfigurationPlatforms) = preSolution
		Debug|Any CPU = Debug|Any CPU
		Release|Any CPU = Release|Any CPU
	EndGlobalSection
	GlobalSection(ProjectConfigurationPlatforms) = postSolution
		{1F1D932B-829F-4111-BB04-9959E9F899FE}.Debug|Any CPU.ActiveCfg = Debug|Any CPU
		{1F1D932B-829F-4111-BB04-9959E9F899FE}.Debug|Any CPU.Build.0 = Debug|Any CPU
		{1F1D932B-829F-4111-BB04-9959E9F899FE}.Release|Any CPU.ActiveCfg = Release|Any CPU
		{1F1D932B-829F-4111-BB04-9959E9F899FE}.Release|Any CPU.Build.0 = Release|Any CPU
	EndGlobalSection
	GlobalSection(SolutionProperties) = preSolution
		HideSolutionNode = FALSE
	EndGlobalSection
	GlobalSection(ExtensibilityGlobals) = postSolution
		SolutionGuid = {47956464-E9F7-4808-8763-313312FC5F3D}
	EndGlobalSection
EndGlobal
